{
  "lockfile-version": 1,
  "manifest": {
    "schema-version": "1.12.0",
    "install": {
      "bun": {
        "pkg-path": "bun",
        "pkg-group": "bun"
      },
      "cacert": {
        "pkg-path": "cacert"
      },
      "curl": {
        "pkg-path": "curl",
        "pkg-group": "curl"
      },
      "findutils": {
        "pkg-path": "findutils"
      },
      "gh": {
        "pkg-path": "gh",
        "pkg-group": "gh"
      },
      "git": {
        "pkg-path": "git",
        "pkg-group": "git"
      },
      "gnugrep": {
        "pkg-path": "gnugrep",
        "pkg-group": "gnugrep"
      },
      "gnutar": {
        "pkg-path": "gnutar",
        "pkg-group": "gnutar"
      },
      "gzip": {
        "pkg-path": "gzip"
      },
      "jq": {
        "pkg-path": "jq",
        "pkg-group": "jq"
      },
      "glibc": {
        "pkg-path": "glibc"
      },
      "nodejs_24": {
        "pkg-path": "nodejs_24"
      },
      "unzip": {
        "pkg-path": "unzip"
      }
    },
    "options": {
      "systems": [
        "x86_64-linux"
      ]
    }
  },
  "packages": [
    {
      "attr_path": "bun",
      "broken": false,
      "derivation": "/nix/store/pymjz37lyh092z3r60q6h826rxqljfzz-bun-1.3.13.drv",
      "description": "Incredibly fast JavaScript runtime, bundler, transpiler and package manager – all in one",
      "install_id": "bun",
      "license": "[ MIT, LGPL-2.1-only ]",
      "locked_url": "https://github.com/flox/nixpkgs?rev=567a49d1913ce81ac6e9582e3553dd90a955875f",
      "name": "bun-1.3.13",
      "pname": "bun",
      "rev": "567a49d1913ce81ac6e9582e3553dd90a955875f",
      "rev_count": 1017464,
      "rev_date": "2026-06-16T02:33:49Z",
      "scrape_date": "2026-06-17T04:47:04.080549Z",
      "stabilities": [
        "unstable"
      ],
      "unfree": false,
      "version": "1.3.13",
      "outputs_to_install": [
        "out"
      ],
      "outputs": {
        "out": "/nix/store/z1cxjx705fswwjjns0sw2ysbd5jqxfgm-bun-1.3.13"
      },
      "system": "x86_64-linux",
      "group": "bun",
      "priority": 5
    },
    {
      "attr_path": "cacert",
      "broken": false,
      "derivation": "/nix/store/303zvxqv6azsb8iiblqm4ligbiwiin2i-nss-cacert-3.123.drv",
      "description": "Bundle of X.509 certificates of public Certificate Authorities (CA)",
      "install_id": "cacert",
      "license": "MPL-2.0",
      "locked_url": "https://github.com/flox/nixpkgs?rev=567a49d1913ce81ac6e9582e3553dd90a955875f",
      "name": "nss-cacert-3.123",
      "pname": "cacert",
      "rev": "567a49d1913ce81ac6e9582e3553dd90a955875f",
      "rev_count": 1017464,
      "rev_date": "2026-06-16T02:33:49Z",
      "scrape_date": "2026-06-17T04:47:04.093937Z",
      "stabilities": [
        "staging",
        "unstable",
        "stable"
      ],
      "unfree": false,
      "version": "3.123",
      "outputs_to_install": [
        "out",
        "out",
        "out",
        "out",
        "out",
        "out",
        "out",
        "out"
      ],
      "outputs": {
        "hashed": "/nix/store/xdh7nr550vh5q5rqjas1d5y5fhcp4v5a-nss-cacert-3.123-hashed",
        "out": "/nix/store/6snfrwakqanqp7c21nnzmz183fkhnzv1-nss-cacert-3.123",
        "p11kit": "/nix/store/g64cqi02bajwcp8qbw3d6nhz4kdcjg71-nss-cacert-3.123-p11kit",
        "unbundled": "/nix/store/8ylfzdcp1l289jl1fv4hds1j35jla7cd-nss-cacert-3.123-unbundled"
      },
      "system": "x86_64-linux",
      "group": "toplevel",
      "priority": 5
    },
    {
      "attr_path": "curl",
      "broken": false,
      "derivation": "/nix/store/y9i32nhnad2cgnqzaf4brmpg8qv4cwvc-curl-8.20.0.drv",
      "description": "Command line tool for transferring files with URL syntax",
      "install_id": "curl",
      "license": "curl",
      "locked_url": "https://github.com/flox/nixpkgs?rev=567a49d1913ce81ac6e9582e3553dd90a955875f",
      "name": "curl-8.20.0",
      "pname": "curl",
      "rev": "567a49d1913ce81ac6e9582e3553dd90a955875f",
      "rev_count": 1017464,
      "rev_date": "2026-06-16T02:33:49Z",
      "scrape_date": "2026-06-17T04:47:04.658917Z",
      "stabilities": [
        "unstable"
      ],
      "unfree": false,
      "version": "8.20.0",
      "outputs_to_install": [
        "bin",
        "bin",
        "bin",
        "bin",
        "bin",
        "man",
        "man",
        "man",
        "man"
      ],
      "outputs": {
        "bin": "/nix/store/0aha64svrrch155x78xhzn6kmgrrsl9a-curl-8.20.0-bin",
        "debug": "/nix/store/k8nrdq3c1hm3r0bzbqiqqabxl3rldv98-curl-8.20.0-debug",
        "dev": "/nix/store/ni3mcvikdjzaq2h0jx3k0xds57z0y2r5-curl-8.20.0-dev",
        "devdoc": "/nix/store/csaqi0fj0d53rsdlazw7rmrri40457vd-curl-8.20.0-devdoc",
        "man": "/nix/store/zghy1pwbzdn7awhk7id00jlb83hk8y8v-curl-8.20.0-man",
        "out": "/nix/store/xm1x557414bq1lgrx18gvb7cbz1qrdy8-curl-8.20.0"
      },
      "system": "x86_64-linux",
      "group": "curl",
      "priority": 5
    },
    {
      "attr_path": "findutils",
      "broken": false,
      "derivation": "/nix/store/nv9vbwdbppdb9zvv78m9a99vga207ykq-findutils-4.10.0.drv",
      "description": "GNU Find Utilities, the basic directory searching utilities of the GNU operating system",
      "install_id": "findutils",
      "license": "GPL-3.0-or-later",
      "locked_url": "https://github.com/flox/nixpkgs?rev=567a49d1913ce81ac6e9582e3553dd90a955875f",
      "name": "findutils-4.10.0",
      "pname": "findutils",
      "rev": "567a49d1913ce81ac6e9582e3553dd90a955875f",
      "rev_count": 1017464,
      "rev_date": "2026-06-16T02:33:49Z",
      "scrape_date": "2026-06-17T04:47:05.468459Z",
      "stabilities": [
        "staging",
        "unstable",
        "stable"
      ],
      "unfree": false,
      "version": "4.10.0",
      "outputs_to_install": [
        "out",
        "out",
        "out",
        "out"
      ],
      "outputs": {
        "info": "/nix/store/mc65clwg5q361fa9614ryvmhl3yqradh-findutils-4.10.0-info",
        "locate": "/nix/store/fcid2ld7f37q6h1rknkrv80302is8c0y-findutils-4.10.0-locate",
        "out": "/nix/store/c1cjgg6p8m8fssivzrc2p13mwwml3p3v-findutils-4.10.0"
      },
      "system": "x86_64-linux",
      "group": "toplevel",
      "priority": 5
    },
    {
      "attr_path": "gh",
      "broken": false,
      "derivation": "/nix/store/czp1r0mb7ks6ag4lacb8pcv705yavfil-gh-2.94.0.drv",
      "description": "GitHub CLI tool",
      "install_id": "gh",
      "license": "MIT",
      "locked_url": "https://github.com/flox/nixpkgs?rev=567a49d1913ce81ac6e9582e3553dd90a955875f",
      "name": "gh-2.94.0",
      "pname": "gh",
      "rev": "567a49d1913ce81ac6e9582e3553dd90a955875f",
      "rev_count": 1017464,
      "rev_date": "2026-06-16T02:33:49Z",
      "scrape_date": "2026-06-17T04:47:05.900645Z",
      "stabilities": [
        "unstable"
      ],
      "unfree": false,
      "version": "2.94.0",
      "outputs_to_install": [
        "out"
      ],
      "outputs": {
        "out": "/nix/store/pidh15szlsb1vc41xdsa3xbdghdazvby-gh-2.94.0"
      },
      "system": "x86_64-linux",
      "group": "gh",
      "priority": 5
    },
    {
      "attr_path": "git",
      "broken": false,
      "derivation": "/nix/store/hg2n96ng32fxylxqci9jb8rwgd4hpc5g-git-2.54.0.drv",
      "description": "Distributed version control system",
      "install_id": "git",
      "license": "GPL-2.0",
      "locked_url": "https://github.com/flox/nixpkgs?rev=567a49d1913ce81ac6e9582e3553dd90a955875f",
      "name": "git-2.54.0",
      "pname": "git",
      "rev": "567a49d1913ce81ac6e9582e3553dd90a955875f",
      "rev_count": 1017464,
      "rev_date": "2026-06-16T02:33:49Z",
      "scrape_date": "2026-06-17T04:47:05.961403Z",
      "stabilities": [
        "unstable"
      ],
      "unfree": false,
      "version": "2.54.0",
      "outputs_to_install": [
        "out",
        "out",
        "out",
        "out"
      ],
      "outputs": {
        "debug": "/nix/store/72fyakk8w8idjbksk0h8jbkq6sgvcm85-git-2.54.0-debug",
        "doc": "/nix/store/l444690y78nfdwyzm6mghagl7xa97myf-git-2.54.0-doc",
        "out": "/nix/store/bcnisk3ydfgv26v2gw3zlky24g00yww2-git-2.54.0"
      },
      "system": "x86_64-linux",
      "group": "git",
      "priority": 5
    },
    {
      "attr_path": "gnugrep",
      "broken": false,
      "derivation": "/nix/store/8z0ip4s3i9ghw3yljf19c1mhvz4571pg-gnugrep-3.12.drv",
      "description": "GNU implementation of the Unix grep command",
      "install_id": "gnugrep",
      "license": "GPL-3.0-or-later",
      "locked_url": "https://github.com/flox/nixpkgs?rev=567a49d1913ce81ac6e9582e3553dd90a955875f",
      "name": "gnugrep-3.12",
      "pname": "gnugrep",
      "rev": "567a49d1913ce81ac6e9582e3553dd90a955875f",
      "rev_count": 1017464,
      "rev_date": "2026-06-16T02:33:49Z",
      "scrape_date": "2026-06-17T04:47:06.752641Z",
      "stabilities": [
        "unstable"
      ],
      "unfree": false,
      "version": "3.12",
      "outputs_to_install": [
        "out",
        "out",
        "out",
        "out",
        "out",
        "out",
        "out",
        "out"
      ],
      "outputs": {
        "info": "/nix/store/sycfd661ry96dl1xw5k1qa3q93b9ms45-gnugrep-3.12-info",
        "out": "/nix/store/gn94gpcp5q08x4v6g8mvw8v4r65rcjzk-gnugrep-3.12"
      },
      "system": "x86_64-linux",
      "group": "gnugrep",
      "priority": 5
    },
    {
      "attr_path": "gnutar",
      "broken": false,
      "derivation": "/nix/store/9fbpq0f3pcidx72hyqymfmvjl913rnqi-gnutar-1.35.drv",
      "description": "GNU implementation of the `tar` archiver",
      "install_id": "gnutar",
      "license": "GPL-3.0-or-later",
      "locked_url": "https://github.com/flox/nixpkgs?rev=b1b875982b17dabde9b4a37f3e229e74913e6db3",
      "name": "gnutar-1.35",
      "pname": "gnutar",
      "rev": "b1b875982b17dabde9b4a37f3e229e74913e6db3",
      "rev_count": 1074753,
      "rev_date": "2026-09-16T08:07:56Z",
      "scrape_date": "2026-09-17T06:22:04.247048Z",
      "stabilities": [
        "unstable"
      ],
      "unfree": false,
      "version": "1.35",
      "outputs_to_install": [
        "out",
        "out",
        "out"
      ],
      "outputs": {
        "info": "/nix/store/xacvjxf0f5rsv0zzm4vnpx76k082w78m-gnutar-1.35-info",
        "out": "/nix/store/c8b0qp903w2hhpa63a2lfs7d565zag30-gnutar-1.35"
      },
      "system": "x86_64-linux",
      "group": "gnutar",
      "priority": 5
    },
    {
      "attr_path": "gzip",
      "broken": false,
      "derivation": "/nix/store/6a8p8kb4charqds4z1zf6ka1gbj71p1n-gzip-1.14.drv",
      "description": "GNU zip compression program",
      "install_id": "gzip",
      "license": "GPL-3.0-or-later",
      "locked_url": "https://github.com/flox/nixpkgs?rev=567a49d1913ce81ac6e9582e3553dd90a955875f",
      "name": "gzip-1.14",
      "pname": "gzip",
      "rev": "567a49d1913ce81ac6e9582e3553dd90a955875f",
      "rev_count": 1017464,
      "rev_date": "2026-06-16T02:33:49Z",
      "scrape_date": "2026-06-17T04:47:07.233054Z",
      "stabilities": [
        "staging",
        "unstable",
        "stable"
      ],
      "unfree": false,
      "version": "1.14",
      "outputs_to_install": [
        "man",
        "man",
        "out",
        "out",
        "out",
        "out",
        "out",
        "out"
      ],
      "outputs": {
        "info": "/nix/store/rxpgmmbxm5s2cg2rdd4hg14xvbjvy7b6-gzip-1.14-info",
        "man": "/nix/store/hi5a6p82c2z8l7cm91bj05qlp35kjm5k-gzip-1.14-man",
        "out": "/nix/store/ndpbjk6jhw0da5h272dqqnyxa35a9gmx-gzip-1.14"
      },
      "system": "x86_64-linux",
      "group": "toplevel",
      "priority": 5
    },
    {
      "attr_path": "jq",
      "broken": false,
      "derivation": "/nix/store/pq80zlnpxhzi25ninrrjjl0y1sd90hzk-jq-1.8.1.drv",
      "description": "Lightweight and flexible command-line JSON processor",
      "install_id": "jq",
      "license": "MIT",
      "locked_url": "https://github.com/flox/nixpkgs?rev=567a49d1913ce81ac6e9582e3553dd90a955875f",
      "name": "jq-1.8.1",
      "pname": "jq",
      "rev": "567a49d1913ce81ac6e9582e3553dd90a955875f",
      "rev_count": 1017464,
      "rev_date": "2026-06-16T02:33:49Z",
      "scrape_date": "2026-06-17T04:47:28.480167Z",
      "stabilities": [
        "unstable"
      ],
      "unfree": false,
      "version": "1.8.1",
      "outputs_to_install": [
        "bin",
        "bin",
        "bin",
        "bin",
        "bin",
        "man"
      ],
      "outputs": {
        "bin": "/nix/store/s04d6wm3kqjdgr7zdhlk214f6a2291ks-jq-1.8.1-bin",
        "dev": "/nix/store/fmsvbcz2s85pmszdvwp4mhlamiv5lnzg-jq-1.8.1-dev",
        "doc": "/nix/store/hhh2h4x4rhh6qbqa6620bvhz652cgw4m-jq-1.8.1-doc",
        "man": "/nix/store/ncw52xsl5hgplh8csybbp9fli64iw1aq-jq-1.8.1-man",
        "out": "/nix/store/7a1hndk12kz9wwh9sz8hzkkwgxq6rrnk-jq-1.8.1"
      },
      "system": "x86_64-linux",
      "group": "jq",
      "priority": 5
    },
    {
      "attr_path": "glibc",
      "broken": false,
      "derivation": "/nix/store/3rx2w7lxnr0ndimg0mavnb4klbm04amd-glibc-2.42-61.drv",
      "description": "GNU C Library",
      "install_id": "glibc",
      "license": "LGPL-2.0-or-later",
      "locked_url": "https://github.com/flox/nixpkgs?rev=567a49d1913ce81ac6e9582e3553dd90a955875f",
      "name": "glibc-2.42-61",
      "pname": "glibc",
      "rev": "567a49d1913ce81ac6e9582e3553dd90a955875f",
      "rev_count": 1017464,
      "rev_date": "2026-06-16T02:33:49Z",
      "scrape_date": "2026-06-17T04:47:06.074063Z",
      "stabilities": [
        "staging",
        "unstable",
        "stable"
      ],
      "unfree": false,
      "version": "2.42-61",
      "outputs_to_install": [
        "bin",
        "bin",
        "bin",
        "bin",
        "bin",
        "bin",
        "bin"
      ],
      "outputs": {
        "bin": "/nix/store/bsh7n2nx8ndmm1mmww6v2h4851nalj13-glibc-2.42-61-bin",
        "debug": "/nix/store/064aav9qq5cszj4vw0q9z35pf9mjrj5w-glibc-2.42-61-debug",
        "dev": "/nix/store/15h9askp4k1lx44d9871wid23j2a8ijp-glibc-2.42-61-dev",
        "getent": "/nix/store/nacdc243fq2l9csjcbb1d2pzb14pfq8b-glibc-2.42-61-getent",
        "out": "/nix/store/57iz36553175g3178pvxjij8z5rcsd4n-glibc-2.42-61",
        "static": "/nix/store/b5qr6vlws4ifz9y5b98rn08iif41imv8-glibc-2.42-61-static"
      },
      "system": "x86_64-linux",
      "group": "toplevel",
      "priority": 5
    },
    {
      "attr_path": "nodejs_24",
      "broken": false,
      "derivation": "/nix/store/f8i8jydaqs0ngxm97c091zna2mnjb43f-nodejs-24.15.0.drv",
      "description": "Event-driven I/O framework for the V8 JavaScript engine",
      "install_id": "nodejs_24",
      "license": "MIT",
      "locked_url": "https://github.com/flox/nixpkgs?rev=567a49d1913ce81ac6e9582e3553dd90a955875f",
      "name": "nodejs-24.15.0",
      "pname": "nodejs_24",
      "rev": "567a49d1913ce81ac6e9582e3553dd90a955875f",
      "rev_count": 1017464,
      "rev_date": "2026-06-16T02:33:49Z",
      "scrape_date": "2026-06-17T04:47:47.934763Z",
      "stabilities": [
        "staging",
        "unstable",
        "stable"
      ],
      "unfree": false,
      "version": "24.15.0",
      "outputs_to_install": [
        "out",
        "out",
        "out"
      ],
      "outputs": {
        "out": "/nix/store/5a8ysg1jnj8jmzzyfcfw7rvpvnp5rfpa-nodejs-24.15.0"
      },
      "system": "x86_64-linux",
      "group": "toplevel",
      "priority": 5
    },
    {
      "attr_path": "unzip",
      "broken": false,
      "derivation": "/nix/store/ix825513704wd029zvg5rqakizag6w2r-unzip-6.0.drv",
      "description": "Extraction utility for archives compressed in .zip format",
      "install_id": "unzip",
      "license": "Info-ZIP",
      "locked_url": "https://github.com/flox/nixpkgs?rev=567a49d1913ce81ac6e9582e3553dd90a955875f",
      "name": "unzip-6.0",
      "pname": "unzip",
      "rev": "567a49d1913ce81ac6e9582e3553dd90a955875f",
      "rev_count": 1017464,
      "rev_date": "2026-06-16T02:33:49Z",
      "scrape_date": "2026-06-17T04:50:45.433339Z",
      "stabilities": [
        "staging",
        "unstable",
        "stable"
      ],
      "unfree": false,
      "version": "6.0",
      "outputs_to_install": [
        "out",
        "out"
      ],
      "outputs": {
        "out": "/nix/store/mhw4sjc1rz4zmb3vkdinvfm7ym96fazx-unzip-6.0"
      },
      "system": "x86_64-linux",
      "group": "toplevel",
      "priority": 5
    }
  ]
}
