{
  "nodes": {
    "root": {
      "inputs": ["nixpkgs"]
    },
    "nixpkgs": {
      "locked": {
        "lastModified": 1735688888,
        "narHash": "sha256-AAAAAAAAAAAAAAAAAAAAAAAAAAAAAAAAAAAAAAAAAAA=",
        "owner": "NixOS",
        "repo": "nixpkgs",
        "rev": "4f9a7f5f5f5f5f5f5f5f5f5f5f5f5f5f5f5f5f5f"
      },
      "original": {
        "owner": "NixOS",
        "ref": "nixos-24.11",
        "repo": "nixpkgs",
        "type": "github"
      }
    }
  },
  "root": "root"
}
