{
  "lockfile-version": 1,
  "manifest": {
    "schema-version": "1.12.0",
    "install": {
      "act": {
        "pkg-path": "act",
        "pkg-group": "act"
      },
      "age": {
        "pkg-path": "age",
        "pkg-group": "age"
      },
      "betterleaks": {
        "pkg-path": "betterleaks",
        "pkg-group": "betterleaks"
      },
      "biome": {
        "pkg-path": "biome",
        "pkg-group": "biome"
      },
      "bun": {
        "pkg-path": "bun",
        "pkg-group": "bun"
      },
      "cacert": {
        "pkg-path": "cacert"
      },
      "canopy": {
        "flake": "github:RogerNavelsaker/nixpkg-canopy",
        "outputs": [
          "out",
          "cn"
        ]
      },
      "cloudflare-cli": {
        "flake": "github:RogerNavelsaker/nixpkg-cloudflare-cli"
      },
      "curl": {
        "pkg-path": "curl",
        "pkg-group": "curl"
      },
      "fd": {
        "pkg-path": "fd",
        "pkg-group": "fd"
      },
      "findutils": {
        "pkg-path": "findutils"
      },
      "gcc": {
        "pkg-path": "gcc",
        "pkg-group": "gcc"
      },
      "gh": {
        "pkg-path": "gh",
        "pkg-group": "gh"
      },
      "git": {
        "pkg-path": "git",
        "pkg-group": "git"
      },
      "glibc": {
        "pkg-path": "glibc"
      },
      "gnugrep": {
        "pkg-path": "gnugrep",
        "pkg-group": "gnugrep"
      },
      "jq": {
        "pkg-path": "jq",
        "pkg-group": "jq"
      },
      "knip": {
        "flake": "github:RogerNavelsaker/nixpkg-knip"
      },
      "mulch": {
        "flake": "github:RogerNavelsaker/nixpkg-mulch",
        "outputs": [
          "out",
          "ml"
        ]
      },
      "nixfmt": {
        "pkg-path": "nixfmt-rfc-style",
        "pkg-group": "nixfmt"
      },
      "nodejs_24": {
        "pkg-path": "nodejs_24"
      },
      "perl": {
        "pkg-path": "perl",
        "pkg-group": "perl"
      },
      "procps": {
        "pkg-path": "procps",
        "pkg-group": "procps"
      },
      "ripgrep": {
        "pkg-path": "ripgrep",
        "pkg-group": "ripgrep"
      },
      "seeds": {
        "flake": "github:RogerNavelsaker/nixpkg-seeds",
        "outputs": [
          "out",
          "sd"
        ]
      },
      "sops": {
        "pkg-path": "sops",
        "pkg-group": "sops"
      },
      "terrarium": {
        "flake": "github:RogerNavelsaker/nixpkg-terrarium",
        "outputs": [
          "out",
          "tr"
        ]
      },
      "tinacms-cli": {
        "flake": "github:RogerNavelsaker/nixpkg-tinacms-cli"
      },
      "trellis": {
        "flake": "github:RogerNavelsaker/nixpkg-trellis",
        "outputs": [
          "out",
          "tl"
        ]
      },
      "typescript-language-server": {
        "pkg-path": "typescript-language-server",
        "pkg-group": "typescript-language-server"
      },
      "worktrunk": {
        "pkg-path": "worktrunk",
        "pkg-group": "worktrunk"
      },
      "wrangler": {
        "pkg-path": "wrangler",
        "pkg-group": "wrangler"
      },
      "yq": {
        "pkg-path": "yq",
        "pkg-group": "yq"
      },
      "zellij": {
        "pkg-path": "zellij",
        "pkg-group": "zellij"
      }
    },
    "vars": {
      "NODE_ENV": "development"
    },
    "hook": {
      "on-activate": "  export PATH=\"$FLOX_ENV_PROJECT/scripts:$PATH\"\n  GCC_RUNTIME_LIB=\"$(dirname \"$(gcc -print-file-name=libstdc++.so.6)\")\"\n  export LD_LIBRARY_PATH=\"$GCC_RUNTIME_LIB${LD_LIBRARY_PATH:+:$LD_LIBRARY_PATH}\"\n  FLOX_CERT_FILE=\"$FLOX_ENV_PROJECT/.flox/run/x86_64-linux.senshac.run/etc/ssl/certs/ca-bundle.crt\"\n  if [ ! -f \"$FLOX_CERT_FILE\" ]; then\n    FLOX_CERT_FILE=\"$FLOX_ENV_PROJECT/.flox/run/x86_64-linux.senshac.dev/etc/ssl/certs/ca-bundle.crt\"\n  fi\n  if [ -f \"$FLOX_CERT_FILE\" ]; then\n    export SSL_CERT_FILE=\"$FLOX_CERT_FILE\"\n    export NIX_SSL_CERT_FILE=\"$FLOX_CERT_FILE\"\n    export NODE_EXTRA_CA_CERTS=\"$FLOX_CERT_FILE\"\n  fi\n\n  if [ -f package.json ] && [ ! -d node_modules ]; then\n    echo \"Installing dependencies...\"\n    bun install\n  fi\n\n  if [ -z \"${QUIET:-}\" ]; then\n    cat <<'EOF'\nSenshac Development Environment\n\nAstro + Alpine.js + HTMX + UnoCSS\n\nQuick Commands:\n  dx <command>                          Run through direnv exec .\n  fx <command>                          Run through flox activate -d .\n  dev [start|stop|restart|status|log]   Astro dev server\n  cms [start|stop|restart|status|log]   TinaCMS + Astro\n  bun run build                         Build for production\n  bun run preview                       Preview production build\n  bun run check                         Run Astro check\n  bun run deploy                        Deploy to Cloudflare Pages\n  sd, ml, cn, tr, tl                    Seeds, Mulch, Canopy, Terrarium, Trellis\nEOF\n  fi\n"
    },
    "options": {
      "systems": [
        "x86_64-linux"
      ]
    }
  },
  "packages": [
    {
      "attr_path": "act",
      "broken": false,
      "derivation": "/nix/store/cj05rfyv8yka0xzpg2g6r08zg9y7jzs3-act-0.2.89.drv",
      "description": "Run your GitHub Actions locally",
      "install_id": "act",
      "license": "MIT",
      "locked_url": "https://github.com/flox/nixpkgs?rev=567a49d1913ce81ac6e9582e3553dd90a955875f",
      "name": "act-0.2.89",
      "pname": "act",
      "rev": "567a49d1913ce81ac6e9582e3553dd90a955875f",
      "rev_count": 1017464,
      "rev_date": "2026-06-16T02:33:49Z",
      "scrape_date": "2026-06-17T04:47:03.699584Z",
      "stabilities": [
        "unstable"
      ],
      "unfree": false,
      "version": "0.2.89",
      "outputs_to_install": [
        "out"
      ],
      "outputs": {
        "out": "/nix/store/q9wh1f9ygjvwpa9k1lyb9jy05nynxdna-act-0.2.89"
      },
      "system": "x86_64-linux",
      "group": "act",
      "priority": 5
    },
    {
      "attr_path": "age",
      "broken": false,
      "derivation": "/nix/store/5vv21n4231dslsarhb2lppv60lmsr9k3-age-1.3.1.drv",
      "description": "Modern encryption tool with small explicit keys",
      "install_id": "age",
      "license": "BSD-3-Clause",
      "locked_url": "https://github.com/flox/nixpkgs?rev=567a49d1913ce81ac6e9582e3553dd90a955875f",
      "name": "age-1.3.1",
      "pname": "age",
      "rev": "567a49d1913ce81ac6e9582e3553dd90a955875f",
      "rev_count": 1017464,
      "rev_date": "2026-06-16T02:33:49Z",
      "scrape_date": "2026-06-17T04:47:03.701368Z",
      "stabilities": [
        "unstable"
      ],
      "unfree": false,
      "version": "1.3.1",
      "outputs_to_install": [
        "out"
      ],
      "outputs": {
        "out": "/nix/store/ipcrbbd4c60cdf5wrx5zw6z3a8f0p4cp-age-1.3.1"
      },
      "system": "x86_64-linux",
      "group": "age",
      "priority": 5
    },
    {
      "attr_path": "betterleaks",
      "broken": false,
      "derivation": "/nix/store/0da27wg2nygwdkj4ijsq0q9560illx52-betterleaks-1.4.1.drv",
      "description": "Scan code for secrets",
      "install_id": "betterleaks",
      "license": "MIT",
      "locked_url": "https://github.com/flox/nixpkgs?rev=567a49d1913ce81ac6e9582e3553dd90a955875f",
      "name": "betterleaks-1.4.1",
      "pname": "betterleaks",
      "rev": "567a49d1913ce81ac6e9582e3553dd90a955875f",
      "rev_count": 1017464,
      "rev_date": "2026-06-16T02:33:49Z",
      "scrape_date": "2026-06-17T04:47:03.981629Z",
      "stabilities": [
        "unstable"
      ],
      "unfree": false,
      "version": "1.4.1",
      "outputs_to_install": [
        "out"
      ],
      "outputs": {
        "out": "/nix/store/danyw69zf8ibg1zafxh08yw5333316yl-betterleaks-1.4.1"
      },
      "system": "x86_64-linux",
      "group": "betterleaks",
      "priority": 5
    },
    {
      "attr_path": "biome",
      "broken": false,
      "derivation": "/nix/store/qzha4wmirrbjwz74pjr2q2m33mzqa1sn-biome-2.4.16.drv",
      "description": "Toolchain of the web",
      "install_id": "biome",
      "license": "MIT",
      "locked_url": "https://github.com/flox/nixpkgs?rev=567a49d1913ce81ac6e9582e3553dd90a955875f",
      "name": "biome-2.4.16",
      "pname": "biome",
      "rev": "567a49d1913ce81ac6e9582e3553dd90a955875f",
      "rev_count": 1017464,
      "rev_date": "2026-06-16T02:33:49Z",
      "scrape_date": "2026-06-17T04:47:03.995216Z",
      "stabilities": [
        "unstable"
      ],
      "unfree": false,
      "version": "2.4.16",
      "outputs_to_install": [
        "out"
      ],
      "outputs": {
        "out": "/nix/store/m0kvmdxp5plbcp08idiqkqdihi4bjrvy-biome-2.4.16"
      },
      "system": "x86_64-linux",
      "group": "biome",
      "priority": 5
    },
    {
      "attr_path": "bun",
      "broken": false,
      "derivation": "/nix/store/pymjz37lyh092z3r60q6h826rxqljfzz-bun-1.3.13.drv",
      "description": "Incredibly fast JavaScript runtime, bundler, transpiler and package manager – all in one",
      "install_id": "bun",
      "license": "[ MIT, LGPL-2.1-only ]",
      "locked_url": "https://github.com/flox/nixpkgs?rev=567a49d1913ce81ac6e9582e3553dd90a955875f",
      "name": "bun-1.3.13",
      "pname": "bun",
      "rev": "567a49d1913ce81ac6e9582e3553dd90a955875f",
      "rev_count": 1017464,
      "rev_date": "2026-06-16T02:33:49Z",
      "scrape_date": "2026-06-17T04:47:04.080549Z",
      "stabilities": [
        "unstable"
      ],
      "unfree": false,
      "version": "1.3.13",
      "outputs_to_install": [
        "out"
      ],
      "outputs": {
        "out": "/nix/store/z1cxjx705fswwjjns0sw2ysbd5jqxfgm-bun-1.3.13"
      },
      "system": "x86_64-linux",
      "group": "bun",
      "priority": 5
    },
    {
      "attr_path": "curl",
      "broken": false,
      "derivation": "/nix/store/y9i32nhnad2cgnqzaf4brmpg8qv4cwvc-curl-8.20.0.drv",
      "description": "Command line tool for transferring files with URL syntax",
      "install_id": "curl",
      "license": "curl",
      "locked_url": "https://github.com/flox/nixpkgs?rev=567a49d1913ce81ac6e9582e3553dd90a955875f",
      "name": "curl-8.20.0",
      "pname": "curl",
      "rev": "567a49d1913ce81ac6e9582e3553dd90a955875f",
      "rev_count": 1017464,
      "rev_date": "2026-06-16T02:33:49Z",
      "scrape_date": "2026-06-17T04:47:04.658917Z",
      "stabilities": [
        "unstable"
      ],
      "unfree": false,
      "version": "8.20.0",
      "outputs_to_install": [
        "bin",
        "bin",
        "bin",
        "bin",
        "bin",
        "man",
        "man",
        "man",
        "man"
      ],
      "outputs": {
        "bin": "/nix/store/0aha64svrrch155x78xhzn6kmgrrsl9a-curl-8.20.0-bin",
        "debug": "/nix/store/k8nrdq3c1hm3r0bzbqiqqabxl3rldv98-curl-8.20.0-debug",
        "dev": "/nix/store/ni3mcvikdjzaq2h0jx3k0xds57z0y2r5-curl-8.20.0-dev",
        "devdoc": "/nix/store/csaqi0fj0d53rsdlazw7rmrri40457vd-curl-8.20.0-devdoc",
        "man": "/nix/store/zghy1pwbzdn7awhk7id00jlb83hk8y8v-curl-8.20.0-man",
        "out": "/nix/store/xm1x557414bq1lgrx18gvb7cbz1qrdy8-curl-8.20.0"
      },
      "system": "x86_64-linux",
      "group": "curl",
      "priority": 5
    },
    {
      "attr_path": "fd",
      "broken": false,
      "derivation": "/nix/store/j1q9ajrn3cdd15ji50qfgyd1kdxwh2fi-fd-10.4.2.drv",
      "description": "Simple, fast and user-friendly alternative to find",
      "install_id": "fd",
      "license": "[ Apache-2.0, MIT ]",
      "locked_url": "https://github.com/flox/nixpkgs?rev=567a49d1913ce81ac6e9582e3553dd90a955875f",
      "name": "fd-10.4.2",
      "pname": "fd",
      "rev": "567a49d1913ce81ac6e9582e3553dd90a955875f",
      "rev_count": 1017464,
      "rev_date": "2026-06-16T02:33:49Z",
      "scrape_date": "2026-06-17T04:47:05.404081Z",
      "stabilities": [
        "unstable"
      ],
      "unfree": false,
      "version": "10.4.2",
      "outputs_to_install": [
        "out",
        "out"
      ],
      "outputs": {
        "out": "/nix/store/wci2b3l9gs8nq3alx6czffsq55bg44cv-fd-10.4.2"
      },
      "system": "x86_64-linux",
      "group": "fd",
      "priority": 5
    },
    {
      "attr_path": "gcc",
      "broken": false,
      "derivation": "/nix/store/y7wnv3kycy9gpxzwmny1sppi7il9i31a-gcc-wrapper-15.2.0.drv",
      "description": "GNU Compiler Collection, version 15.2.0 (wrapper script)",
      "install_id": "gcc",
      "license": "GPL-3.0-or-later",
      "locked_url": "https://github.com/flox/nixpkgs?rev=567a49d1913ce81ac6e9582e3553dd90a955875f",
      "name": "gcc-wrapper-15.2.0",
      "pname": "gcc",
      "rev": "567a49d1913ce81ac6e9582e3553dd90a955875f",
      "rev_count": 1017464,
      "rev_date": "2026-06-16T02:33:49Z",
      "scrape_date": "2026-06-17T04:47:05.803732Z",
      "stabilities": [
        "unstable"
      ],
      "unfree": false,
      "version": "15.2.0",
      "outputs_to_install": [
        "man",
        "man",
        "out",
        "out",
        "out"
      ],
      "outputs": {
        "info": "/nix/store/5b0hplrl0n9g159mcis4jca1fjd4822a-gcc-wrapper-15.2.0-info",
        "man": "/nix/store/r35yg8h1w630r3lmnyglwhv5nvk284mx-gcc-wrapper-15.2.0-man",
        "out": "/nix/store/788mx070y81zjlg5ipcl0cra3afviw9k-gcc-wrapper-15.2.0"
      },
      "system": "x86_64-linux",
      "group": "gcc",
      "priority": 5
    },
    {
      "attr_path": "gh",
      "broken": false,
      "derivation": "/nix/store/czp1r0mb7ks6ag4lacb8pcv705yavfil-gh-2.94.0.drv",
      "description": "GitHub CLI tool",
      "install_id": "gh",
      "license": "MIT",
      "locked_url": "https://github.com/flox/nixpkgs?rev=567a49d1913ce81ac6e9582e3553dd90a955875f",
      "name": "gh-2.94.0",
      "pname": "gh",
      "rev": "567a49d1913ce81ac6e9582e3553dd90a955875f",
      "rev_count": 1017464,
      "rev_date": "2026-06-16T02:33:49Z",
      "scrape_date": "2026-06-17T04:47:05.900645Z",
      "stabilities": [
        "unstable"
      ],
      "unfree": false,
      "version": "2.94.0",
      "outputs_to_install": [
        "out"
      ],
      "outputs": {
        "out": "/nix/store/pidh15szlsb1vc41xdsa3xbdghdazvby-gh-2.94.0"
      },
      "system": "x86_64-linux",
      "group": "gh",
      "priority": 5
    },
    {
      "attr_path": "git",
      "broken": false,
      "derivation": "/nix/store/hg2n96ng32fxylxqci9jb8rwgd4hpc5g-git-2.54.0.drv",
      "description": "Distributed version control system",
      "install_id": "git",
      "license": "GPL-2.0",
      "locked_url": "https://github.com/flox/nixpkgs?rev=567a49d1913ce81ac6e9582e3553dd90a955875f",
      "name": "git-2.54.0",
      "pname": "git",
      "rev": "567a49d1913ce81ac6e9582e3553dd90a955875f",
      "rev_count": 1017464,
      "rev_date": "2026-06-16T02:33:49Z",
      "scrape_date": "2026-06-17T04:47:05.961403Z",
      "stabilities": [
        "unstable"
      ],
      "unfree": false,
      "version": "2.54.0",
      "outputs_to_install": [
        "out",
        "out",
        "out",
        "out"
      ],
      "outputs": {
        "debug": "/nix/store/72fyakk8w8idjbksk0h8jbkq6sgvcm85-git-2.54.0-debug",
        "doc": "/nix/store/l444690y78nfdwyzm6mghagl7xa97myf-git-2.54.0-doc",
        "out": "/nix/store/bcnisk3ydfgv26v2gw3zlky24g00yww2-git-2.54.0"
      },
      "system": "x86_64-linux",
      "group": "git",
      "priority": 5
    },
    {
      "attr_path": "gnugrep",
      "broken": false,
      "derivation": "/nix/store/8z0ip4s3i9ghw3yljf19c1mhvz4571pg-gnugrep-3.12.drv",
      "description": "GNU implementation of the Unix grep command",
      "install_id": "gnugrep",
      "license": "GPL-3.0-or-later",
      "locked_url": "https://github.com/flox/nixpkgs?rev=567a49d1913ce81ac6e9582e3553dd90a955875f",
      "name": "gnugrep-3.12",
      "pname": "gnugrep",
      "rev": "567a49d1913ce81ac6e9582e3553dd90a955875f",
      "rev_count": 1017464,
      "rev_date": "2026-06-16T02:33:49Z",
      "scrape_date": "2026-06-17T04:47:06.752641Z",
      "stabilities": [
        "unstable"
      ],
      "unfree": false,
      "version": "3.12",
      "outputs_to_install": [
        "out",
        "out",
        "out",
        "out",
        "out",
        "out",
        "out",
        "out"
      ],
      "outputs": {
        "info": "/nix/store/sycfd661ry96dl1xw5k1qa3q93b9ms45-gnugrep-3.12-info",
        "out": "/nix/store/gn94gpcp5q08x4v6g8mvw8v4r65rcjzk-gnugrep-3.12"
      },
      "system": "x86_64-linux",
      "group": "gnugrep",
      "priority": 5
    },
    {
      "attr_path": "jq",
      "broken": false,
      "derivation": "/nix/store/pq80zlnpxhzi25ninrrjjl0y1sd90hzk-jq-1.8.1.drv",
      "description": "Lightweight and flexible command-line JSON processor",
      "install_id": "jq",
      "license": "MIT",
      "locked_url": "https://github.com/flox/nixpkgs?rev=567a49d1913ce81ac6e9582e3553dd90a955875f",
      "name": "jq-1.8.1",
      "pname": "jq",
      "rev": "567a49d1913ce81ac6e9582e3553dd90a955875f",
      "rev_count": 1017464,
      "rev_date": "2026-06-16T02:33:49Z",
      "scrape_date": "2026-06-17T04:47:28.480167Z",
      "stabilities": [
        "unstable"
      ],
      "unfree": false,
      "version": "1.8.1",
      "outputs_to_install": [
        "bin",
        "bin",
        "bin",
        "bin",
        "bin",
        "man"
      ],
      "outputs": {
        "bin": "/nix/store/s04d6wm3kqjdgr7zdhlk214f6a2291ks-jq-1.8.1-bin",
        "dev": "/nix/store/fmsvbcz2s85pmszdvwp4mhlamiv5lnzg-jq-1.8.1-dev",
        "doc": "/nix/store/hhh2h4x4rhh6qbqa6620bvhz652cgw4m-jq-1.8.1-doc",
        "man": "/nix/store/ncw52xsl5hgplh8csybbp9fli64iw1aq-jq-1.8.1-man",
        "out": "/nix/store/7a1hndk12kz9wwh9sz8hzkkwgxq6rrnk-jq-1.8.1"
      },
      "system": "x86_64-linux",
      "group": "jq",
      "priority": 5
    },
    {
      "attr_path": "nixfmt-rfc-style",
      "broken": false,
      "derivation": "/nix/store/iahyf87r2yiddkyz0wmhqr11agjzfn3s-nixfmt-1.3.1.drv",
      "description": "Official formatter for Nix code",
      "install_id": "nixfmt",
      "license": "MPL-2.0",
      "locked_url": "https://github.com/flox/nixpkgs?rev=567a49d1913ce81ac6e9582e3553dd90a955875f",
      "name": "nixfmt-1.3.1",
      "pname": "nixfmt-rfc-style",
      "rev": "567a49d1913ce81ac6e9582e3553dd90a955875f",
      "rev_count": 1017464,
      "rev_date": "2026-06-16T02:33:49Z",
      "scrape_date": "2026-06-17T04:47:47.433356Z",
      "stabilities": [
        "unstable"
      ],
      "unfree": false,
      "version": "1.3.1",
      "outputs_to_install": [
        "out"
      ],
      "outputs": {
        "out": "/nix/store/sgijssgx5ylh2vhajwp98f9sbhsdwhjy-nixfmt-1.3.1"
      },
      "system": "x86_64-linux",
      "group": "nixfmt",
      "priority": 5
    },
    {
      "attr_path": "perl",
      "broken": false,
      "derivation": "/nix/store/85xm6qbvj9c46kgky8bgk6s3h1xlsq7g-perl-5.42.0.drv",
      "description": "Standard implementation of the Perl 5 programming language",
      "install_id": "perl",
      "license": "Artistic-1.0",
      "locked_url": "https://github.com/flox/nixpkgs?rev=567a49d1913ce81ac6e9582e3553dd90a955875f",
      "name": "perl-5.42.0",
      "pname": "perl",
      "rev": "567a49d1913ce81ac6e9582e3553dd90a955875f",
      "rev_count": 1017464,
      "rev_date": "2026-06-16T02:33:49Z",
      "scrape_date": "2026-06-17T04:47:57.260648Z",
      "stabilities": [
        "unstable"
      ],
      "unfree": false,
      "version": "5.42.0",
      "outputs_to_install": [
        "man",
        "man",
        "man",
        "out",
        "out",
        "out",
        "out",
        "out",
        "out",
        "out"
      ],
      "outputs": {
        "devdoc": "/nix/store/378gyaf40gyyqjdq4mp672g40f1spr0k-perl-5.42.0-devdoc",
        "man": "/nix/store/kzlyzb9wj2p8bvy1y5hxlj0qklhdy35s-perl-5.42.0-man",
        "out": "/nix/store/6plwsm6pkq79yjv4xvy8csk2pd4hzr67-perl-5.42.0"
      },
      "system": "x86_64-linux",
      "group": "perl",
      "priority": 5
    },
    {
      "attr_path": "procps",
      "broken": false,
      "derivation": "/nix/store/62srfi0dwnwa19s2dqj9agfxsykn63qp-procps-4.0.6.drv",
      "description": "Utilities that give information about processes using the /proc filesystem",
      "install_id": "procps",
      "license": "GPL-2.0-or-later",
      "locked_url": "https://github.com/flox/nixpkgs?rev=567a49d1913ce81ac6e9582e3553dd90a955875f",
      "name": "procps-4.0.6",
      "pname": "procps",
      "rev": "567a49d1913ce81ac6e9582e3553dd90a955875f",
      "rev_count": 1017464,
      "rev_date": "2026-06-16T02:33:49Z",
      "scrape_date": "2026-06-17T04:48:10.252941Z",
      "stabilities": [
        "unstable"
      ],
      "unfree": false,
      "version": "4.0.6",
      "outputs_to_install": [
        "out",
        "out",
        "out",
        "out"
      ],
      "outputs": {
        "out": "/nix/store/5cfwmqmymsqynbyqq0vkbpf6914550x7-procps-4.0.6"
      },
      "system": "x86_64-linux",
      "group": "procps",
      "priority": 5
    },
    {
      "attr_path": "ripgrep",
      "broken": false,
      "derivation": "/nix/store/nakjvs3pq06lpxmba15s4nzx6qr6q7rn-ripgrep-15.1.0.drv",
      "description": "Utility that combines the usability of The Silver Searcher with the raw speed of grep",
      "install_id": "ripgrep",
      "license": "[ Unlicense, MIT ]",
      "locked_url": "https://github.com/flox/nixpkgs?rev=567a49d1913ce81ac6e9582e3553dd90a955875f",
      "name": "ripgrep-15.1.0",
      "pname": "ripgrep",
      "rev": "567a49d1913ce81ac6e9582e3553dd90a955875f",
      "rev_count": 1017464,
      "rev_date": "2026-06-16T02:33:49Z",
      "scrape_date": "2026-06-17T04:49:14.779141Z",
      "stabilities": [
        "unstable"
      ],
      "unfree": false,
      "version": "15.1.0",
      "outputs_to_install": [
        "out"
      ],
      "outputs": {
        "out": "/nix/store/gxcm97c2a4sdnnabigp8mns7y1g5llnd-ripgrep-15.1.0"
      },
      "system": "x86_64-linux",
      "group": "ripgrep",
      "priority": 5
    },
    {
      "attr_path": "sops",
      "broken": false,
      "derivation": "/nix/store/8nx93ppjl7ynm75854x90l0w97apridm-sops-3.13.1.drv",
      "description": "Simple and flexible tool for managing secrets",
      "install_id": "sops",
      "license": "MPL-2.0",
      "locked_url": "https://github.com/flox/nixpkgs?rev=567a49d1913ce81ac6e9582e3553dd90a955875f",
      "name": "sops-3.13.1",
      "pname": "sops",
      "rev": "567a49d1913ce81ac6e9582e3553dd90a955875f",
      "rev_count": 1017464,
      "rev_date": "2026-06-16T02:33:49Z",
      "scrape_date": "2026-06-17T04:49:43.142980Z",
      "stabilities": [
        "unstable"
      ],
      "unfree": false,
      "version": "3.13.1",
      "outputs_to_install": [
        "out"
      ],
      "outputs": {
        "out": "/nix/store/yzsjydzzq2vza6l136879f5cwn3ni2d5-sops-3.13.1"
      },
      "system": "x86_64-linux",
      "group": "sops",
      "priority": 5
    },
    {
      "attr_path": "cacert",
      "broken": false,
      "derivation": "/nix/store/303zvxqv6azsb8iiblqm4ligbiwiin2i-nss-cacert-3.123.drv",
      "description": "Bundle of X.509 certificates of public Certificate Authorities (CA)",
      "install_id": "cacert",
      "license": "MPL-2.0",
      "locked_url": "https://github.com/flox/nixpkgs?rev=567a49d1913ce81ac6e9582e3553dd90a955875f",
      "name": "nss-cacert-3.123",
      "pname": "cacert",
      "rev": "567a49d1913ce81ac6e9582e3553dd90a955875f",
      "rev_count": 1017464,
      "rev_date": "2026-06-16T02:33:49Z",
      "scrape_date": "2026-06-17T04:47:04.093937Z",
      "stabilities": [
        "stable",
        "staging",
        "unstable"
      ],
      "unfree": false,
      "version": "3.123",
      "outputs_to_install": [
        "out",
        "out",
        "out",
        "out",
        "out",
        "out",
        "out",
        "out"
      ],
      "outputs": {
        "hashed": "/nix/store/xdh7nr550vh5q5rqjas1d5y5fhcp4v5a-nss-cacert-3.123-hashed",
        "out": "/nix/store/6snfrwakqanqp7c21nnzmz183fkhnzv1-nss-cacert-3.123",
        "p11kit": "/nix/store/g64cqi02bajwcp8qbw3d6nhz4kdcjg71-nss-cacert-3.123-p11kit",
        "unbundled": "/nix/store/8ylfzdcp1l289jl1fv4hds1j35jla7cd-nss-cacert-3.123-unbundled"
      },
      "system": "x86_64-linux",
      "group": "toplevel",
      "priority": 5
    },
    {
      "attr_path": "findutils",
      "broken": false,
      "derivation": "/nix/store/nv9vbwdbppdb9zvv78m9a99vga207ykq-findutils-4.10.0.drv",
      "description": "GNU Find Utilities, the basic directory searching utilities of the GNU operating system",
      "install_id": "findutils",
      "license": "GPL-3.0-or-later",
      "locked_url": "https://github.com/flox/nixpkgs?rev=567a49d1913ce81ac6e9582e3553dd90a955875f",
      "name": "findutils-4.10.0",
      "pname": "findutils",
      "rev": "567a49d1913ce81ac6e9582e3553dd90a955875f",
      "rev_count": 1017464,
      "rev_date": "2026-06-16T02:33:49Z",
      "scrape_date": "2026-06-17T04:47:05.468459Z",
      "stabilities": [
        "stable",
        "staging",
        "unstable"
      ],
      "unfree": false,
      "version": "4.10.0",
      "outputs_to_install": [
        "out",
        "out",
        "out",
        "out"
      ],
      "outputs": {
        "info": "/nix/store/mc65clwg5q361fa9614ryvmhl3yqradh-findutils-4.10.0-info",
        "locate": "/nix/store/fcid2ld7f37q6h1rknkrv80302is8c0y-findutils-4.10.0-locate",
        "out": "/nix/store/c1cjgg6p8m8fssivzrc2p13mwwml3p3v-findutils-4.10.0"
      },
      "system": "x86_64-linux",
      "group": "toplevel",
      "priority": 5
    },
    {
      "attr_path": "glibc",
      "broken": false,
      "derivation": "/nix/store/3rx2w7lxnr0ndimg0mavnb4klbm04amd-glibc-2.42-61.drv",
      "description": "GNU C Library",
      "install_id": "glibc",
      "license": "LGPL-2.0-or-later",
      "locked_url": "https://github.com/flox/nixpkgs?rev=567a49d1913ce81ac6e9582e3553dd90a955875f",
      "name": "glibc-2.42-61",
      "pname": "glibc",
      "rev": "567a49d1913ce81ac6e9582e3553dd90a955875f",
      "rev_count": 1017464,
      "rev_date": "2026-06-16T02:33:49Z",
      "scrape_date": "2026-06-17T04:47:06.074063Z",
      "stabilities": [
        "stable",
        "staging",
        "unstable"
      ],
      "unfree": false,
      "version": "2.42-61",
      "outputs_to_install": [
        "bin",
        "bin",
        "bin",
        "bin",
        "bin",
        "bin",
        "bin"
      ],
      "outputs": {
        "bin": "/nix/store/bsh7n2nx8ndmm1mmww6v2h4851nalj13-glibc-2.42-61-bin",
        "debug": "/nix/store/064aav9qq5cszj4vw0q9z35pf9mjrj5w-glibc-2.42-61-debug",
        "dev": "/nix/store/15h9askp4k1lx44d9871wid23j2a8ijp-glibc-2.42-61-dev",
        "getent": "/nix/store/nacdc243fq2l9csjcbb1d2pzb14pfq8b-glibc-2.42-61-getent",
        "out": "/nix/store/57iz36553175g3178pvxjij8z5rcsd4n-glibc-2.42-61",
        "static": "/nix/store/b5qr6vlws4ifz9y5b98rn08iif41imv8-glibc-2.42-61-static"
      },
      "system": "x86_64-linux",
      "group": "toplevel",
      "priority": 5
    },
    {
      "attr_path": "nodejs_24",
      "broken": false,
      "derivation": "/nix/store/f8i8jydaqs0ngxm97c091zna2mnjb43f-nodejs-24.15.0.drv",
      "description": "Event-driven I/O framework for the V8 JavaScript engine",
      "install_id": "nodejs_24",
      "license": "MIT",
      "locked_url": "https://github.com/flox/nixpkgs?rev=567a49d1913ce81ac6e9582e3553dd90a955875f",
      "name": "nodejs-24.15.0",
      "pname": "nodejs_24",
      "rev": "567a49d1913ce81ac6e9582e3553dd90a955875f",
      "rev_count": 1017464,
      "rev_date": "2026-06-16T02:33:49Z",
      "scrape_date": "2026-06-17T04:47:47.934763Z",
      "stabilities": [
        "stable",
        "staging",
        "unstable"
      ],
      "unfree": false,
      "version": "24.15.0",
      "outputs_to_install": [
        "out",
        "out"
      ],
      "outputs": {
        "out": "/nix/store/5a8ysg1jnj8jmzzyfcfw7rvpvnp5rfpa-nodejs-24.15.0"
      },
      "system": "x86_64-linux",
      "group": "toplevel",
      "priority": 5
    },
    {
      "attr_path": "typescript-language-server",
      "broken": false,
      "derivation": "/nix/store/8ca8azbr8ck2sj5gp6rp0r40rvqiznwk-typescript-language-server-5.3.0.drv",
      "description": "Language Server Protocol implementation for TypeScript using tsserver",
      "install_id": "typescript-language-server",
      "license": "[ Apache-2.0, MIT ]",
      "locked_url": "https://github.com/flox/nixpkgs?rev=567a49d1913ce81ac6e9582e3553dd90a955875f",
      "name": "typescript-language-server-5.3.0",
      "pname": "typescript-language-server",
      "rev": "567a49d1913ce81ac6e9582e3553dd90a955875f",
      "rev_count": 1017464,
      "rev_date": "2026-06-16T02:33:49Z",
      "scrape_date": "2026-06-17T04:50:22.031142Z",
      "stabilities": [
        "unstable"
      ],
      "unfree": false,
      "version": "5.3.0",
      "outputs_to_install": [
        "out"
      ],
      "outputs": {
        "out": "/nix/store/0fm002iw8wq367lmwp520ml62ag5pq56-typescript-language-server-5.3.0"
      },
      "system": "x86_64-linux",
      "group": "typescript-language-server",
      "priority": 5
    },
    {
      "attr_path": "worktrunk",
      "broken": false,
      "derivation": "/nix/store/7iw5zga7m6sbvza3gsgkn1l08h0jf6sk-worktrunk-0.56.0.drv",
      "description": "Git worktree manager for parallel AI agent workflows",
      "install_id": "worktrunk",
      "license": "[ MIT, Apache-2.0 ]",
      "locked_url": "https://github.com/flox/nixpkgs?rev=567a49d1913ce81ac6e9582e3553dd90a955875f",
      "name": "worktrunk-0.56.0",
      "pname": "worktrunk",
      "rev": "567a49d1913ce81ac6e9582e3553dd90a955875f",
      "rev_count": 1017464,
      "rev_date": "2026-06-16T02:33:49Z",
      "scrape_date": "2026-06-17T04:51:03.866078Z",
      "stabilities": [
        "unstable"
      ],
      "unfree": false,
      "version": "0.56.0",
      "outputs_to_install": [
        "out"
      ],
      "outputs": {
        "out": "/nix/store/716ihzl44wvbb31qj7p5c39r56mlj1dx-worktrunk-0.56.0"
      },
      "system": "x86_64-linux",
      "group": "worktrunk",
      "priority": 5
    },
    {
      "attr_path": "wrangler",
      "broken": false,
      "derivation": "/nix/store/6xrrwlf1x70jq5fis3ancxp67y1axqia-wrangler-4.93.0.drv",
      "description": "Command-line interface for all things Cloudflare Workers",
      "install_id": "wrangler",
      "license": "[ MIT, APSL-2.0 ]",
      "locked_url": "https://github.com/flox/nixpkgs?rev=567a49d1913ce81ac6e9582e3553dd90a955875f",
      "name": "wrangler-4.93.0",
      "pname": "wrangler",
      "rev": "567a49d1913ce81ac6e9582e3553dd90a955875f",
      "rev_count": 1017464,
      "rev_date": "2026-06-16T02:33:49Z",
      "scrape_date": "2026-06-17T04:51:03.987580Z",
      "stabilities": [
        "unstable"
      ],
      "unfree": false,
      "version": "4.93.0",
      "outputs_to_install": [
        "out"
      ],
      "outputs": {
        "out": "/nix/store/pp21jm053vrw8ijf876h64cf06jr7llp-wrangler-4.93.0"
      },
      "system": "x86_64-linux",
      "group": "wrangler",
      "priority": 5
    },
    {
      "attr_path": "yq",
      "broken": false,
      "derivation": "/nix/store/fbyvxpzq2m57p3j17yrx2j01dcjvpsa7-python3.13-yq-3.4.3.drv",
      "description": "Command-line YAML/XML/TOML processor - jq wrapper for YAML, XML, TOML documents",
      "install_id": "yq",
      "license": "Apache-2.0",
      "locked_url": "https://github.com/flox/nixpkgs?rev=567a49d1913ce81ac6e9582e3553dd90a955875f",
      "name": "python3.13-yq-3.4.3",
      "pname": "yq",
      "rev": "567a49d1913ce81ac6e9582e3553dd90a955875f",
      "rev_count": 1017464,
      "rev_date": "2026-06-16T02:33:49Z",
      "scrape_date": "2026-06-17T04:51:08.404762Z",
      "stabilities": [
        "unstable"
      ],
      "unfree": false,
      "version": "3.4.3",
      "outputs_to_install": [
        "out"
      ],
      "outputs": {
        "dist": "/nix/store/a4n67838ybdk1xs21dsnl4afzcc8p729-python3.13-yq-3.4.3-dist",
        "out": "/nix/store/7jh563kddcyj954pyffmcb79vcwrn6h5-python3.13-yq-3.4.3"
      },
      "system": "x86_64-linux",
      "group": "yq",
      "priority": 5
    },
    {
      "attr_path": "zellij",
      "broken": false,
      "derivation": "/nix/store/qzfv4ym869412gqnx369jp63rrwxj4hc-zellij-0.44.3.drv",
      "description": "Terminal workspace with batteries included",
      "install_id": "zellij",
      "license": "[ MIT ]",
      "locked_url": "https://github.com/flox/nixpkgs?rev=567a49d1913ce81ac6e9582e3553dd90a955875f",
      "name": "zellij-0.44.3",
      "pname": "zellij",
      "rev": "567a49d1913ce81ac6e9582e3553dd90a955875f",
      "rev_count": 1017464,
      "rev_date": "2026-06-16T02:33:49Z",
      "scrape_date": "2026-06-17T04:51:09.066249Z",
      "stabilities": [
        "unstable"
      ],
      "unfree": false,
      "version": "0.44.3",
      "outputs_to_install": [
        "out"
      ],
      "outputs": {
        "out": "/nix/store/557l8d2jcfrxxwkjzvjzbi0j4wkzyklm-zellij-0.44.3"
      },
      "system": "x86_64-linux",
      "group": "zellij",
      "priority": 5
    },
    {
      "install_id": "canopy",
      "locked-url": "github:RogerNavelsaker/nixpkg-canopy/ac1eba31fbf8e4dc61b400f097e6cbd9db216061?narHash=sha256-FtK3kg4Bn5gl5iBqZLPP35ur1iKMSbHzywErC4sKmLY%3D",
      "flake-description": "Nix packaging scaffold for @os-eco/canopy-cli",
      "locked-flake-attr-path": "packages.x86_64-linux.default",
      "derivation": "/nix/store/d3b2dinj96v2wip5c53gkxzsyfxwbz2n-canopy-0.2.6-r1.drv",
      "outputs": {
        "cn": "/nix/store/j55hcmixs7r1a1gpahr364vdi5nxy3fl-canopy-0.2.6-r1-cn",
        "out": "/nix/store/xn9vhy28skx67cf6advyzz49g2wc4xma-canopy-0.2.6-r1"
      },
      "output-names": [
        "out",
        "cn"
      ],
      "outputs-to-install": [
        "out"
      ],
      "requested-outputs-to-install": [],
      "package-system": "x86_64-linux",
      "system": "x86_64-linux",
      "name": "canopy-0.2.6-r1",
      "pname": "canopy",
      "version": "0.2.6-r1",
      "broken": false,
      "unfree": false,
      "priority": 5
    },
    {
      "install_id": "cloudflare-cli",
      "locked-url": "github:RogerNavelsaker/nixpkg-cloudflare-cli/7632e59932a6fc9964c8b41160dbea9bf74050ff?narHash=sha256-LNPdEWDfu9lwws3O02OCEFtyloYqlXNHezRQ4R8kmGI%3D",
      "flake-description": "Nix package for cf (The Cloudflare CLI)",
      "locked-flake-attr-path": "packages.x86_64-linux.default",
      "derivation": "/nix/store/4r98zb6qm0j4f5brbixy6iykacadbwhg-cf-0.0.6.drv",
      "outputs": {
        "out": "/nix/store/y49dsdl8hzxpc9cc9xz0j0k1r87shhxw-cf-0.0.6"
      },
      "output-names": [
        "out"
      ],
      "outputs-to-install": [
        "out"
      ],
      "requested-outputs-to-install": [],
      "package-system": "x86_64-linux",
      "system": "x86_64-linux",
      "name": "cf-0.0.6",
      "pname": "cf",
      "version": "0.0.6",
      "description": "The Cloudflare CLI — unified CLI for the entire Cloudflare platform",
      "licenses": [
        "MIT"
      ],
      "broken": false,
      "unfree": false,
      "priority": 5
    },
    {
      "install_id": "knip",
      "locked-url": "github:RogerNavelsaker/nixpkg-knip/a8fc8851bce19e7f89045e9507b77a2f10cad477?narHash=sha256-qaYUwtRo/cB%2BaMJQgs9a3nW7MJL/f6MtaPdGEBoTLf4%3D",
      "flake-description": "Nix packaging scaffold for knip",
      "locked-flake-attr-path": "packages.x86_64-linux.default",
      "derivation": "/nix/store/j9vpp7wwac0fwlgkhk10an68h9q81832-knip-5.21.2.drv",
      "outputs": {
        "out": "/nix/store/82y1p3f5f9f2j2w7b6xvlqqvl1laib0q-knip-5.21.2"
      },
      "output-names": [
        "out"
      ],
      "outputs-to-install": [
        "out"
      ],
      "requested-outputs-to-install": [],
      "package-system": "x86_64-linux",
      "system": "x86_64-linux",
      "name": "knip-5.21.2",
      "pname": "knip",
      "version": "5.21.2",
      "description": "Find unused files, dependencies and exports in your JavaScript and TypeScript projects",
      "licenses": [
        "ISC"
      ],
      "broken": false,
      "unfree": false,
      "priority": 5
    },
    {
      "install_id": "mulch",
      "locked-url": "github:RogerNavelsaker/nixpkg-mulch/7cb42f2d835987edefbf9adb7951ec20550ae0bb?narHash=sha256-zTpPwvoOUyuoNV9s35aWW3EGB0vQwIPBcdsxzqavId0%3D",
      "flake-description": "Nix packaging scaffold for @os-eco/mulch-cli",
      "locked-flake-attr-path": "packages.x86_64-linux.default",
      "derivation": "/nix/store/88j1i3v45vipcf4mkd419kl7ffqahcx0-mulch-0.10.7-r1.drv",
      "outputs": {
        "ml": "/nix/store/z5n4mspdqld863lzrwlcfax7ivs3dbgy-mulch-0.10.7-r1-ml",
        "out": "/nix/store/v9q7x9whpyspwdggan6dz0pmgmhq02sq-mulch-0.10.7-r1"
      },
      "output-names": [
        "out",
        "ml"
      ],
      "outputs-to-install": [
        "out"
      ],
      "requested-outputs-to-install": [],
      "package-system": "x86_64-linux",
      "system": "x86_64-linux",
      "name": "mulch-0.10.7-r1",
      "pname": "mulch",
      "version": "0.10.7-r1",
      "broken": false,
      "unfree": false,
      "priority": 5
    },
    {
      "install_id": "seeds",
      "locked-url": "github:RogerNavelsaker/nixpkg-seeds/694ea095118ddf0ab4341c66d366cb76332d053e?narHash=sha256-0mL8CTwYfVaK9zZ4NkG6C%2BUnNBFkz89xeCJVxrRD/yo%3D",
      "flake-description": "Nix packaging scaffold for @os-eco/seeds-cli",
      "locked-flake-attr-path": "packages.x86_64-linux.default",
      "derivation": "/nix/store/8hrfjq1rgx69s40941lzk2cvs23ddjqi-seeds-0.5.12-r1.drv",
      "outputs": {
        "out": "/nix/store/l33hpvri0bknpihzrsw4nbk9qzi8z2m6-seeds-0.5.12-r1",
        "sd": "/nix/store/pq15hqiiv4f7v7wpvk12k9g4sbj7g09y-seeds-0.5.12-r1-sd"
      },
      "output-names": [
        "out",
        "sd"
      ],
      "outputs-to-install": [
        "out"
      ],
      "requested-outputs-to-install": [],
      "package-system": "x86_64-linux",
      "system": "x86_64-linux",
      "name": "seeds-0.5.12-r1",
      "pname": "seeds",
      "version": "0.5.12-r1",
      "broken": false,
      "unfree": false,
      "priority": 5
    },
    {
      "install_id": "terrarium",
      "locked-url": "github:RogerNavelsaker/nixpkg-terrarium/ba0a29ee81eb151cf6135dcbb77886cdde4f3349?narHash=sha256-SutsDs4EedMdpKj3za8WH1kOcLfuCsaURmHbrgTk%2Bwo%3D",
      "flake-description": "Nix packaging scaffold for terrarium",
      "locked-flake-attr-path": "packages.x86_64-linux.default",
      "derivation": "/nix/store/mnniihzsaz7whicrg4rla1nx2qxw5k73-terrarium-0.1.0-r1.drv",
      "outputs": {
        "out": "/nix/store/0l1awm49anmasfxzigi0yn2x9qzc7pdg-terrarium-0.1.0-r1",
        "tr": "/nix/store/95fh5r5if0dyb55410h3mf9dwfjaxlj5-terrarium-0.1.0-r1-tr"
      },
      "output-names": [
        "out",
        "tr"
      ],
      "outputs-to-install": [
        "out"
      ],
      "requested-outputs-to-install": [],
      "package-system": "x86_64-linux",
      "system": "x86_64-linux",
      "name": "terrarium-0.1.0-r1",
      "pname": "terrarium",
      "version": "0.1.0-r1",
      "broken": false,
      "unfree": false,
      "priority": 5
    },
    {
      "install_id": "tinacms-cli",
      "locked-url": "github:RogerNavelsaker/nixpkg-tinacms-cli/027a2285a3c48c27363a94c73201f02c2b37ecb4?narHash=sha256-OjMIFlDviC4NoYtS83%2BxjZgpzBFjC7tbHUipq9UmpgU%3D",
      "flake-description": "Nix packaging scaffold for tinacms-cli",
      "locked-flake-attr-path": "packages.x86_64-linux.default",
      "derivation": "/nix/store/c0znlj0fzx7i9f732gp93af48ng6gs7d-tinacms-cli-2.5.1.drv",
      "outputs": {
        "out": "/nix/store/gwdwnix7vfw8f12xfk15ngncrdfdbcsg-tinacms-cli-2.5.1"
      },
      "output-names": [
        "out"
      ],
      "outputs-to-install": [
        "out"
      ],
      "requested-outputs-to-install": [],
      "package-system": "x86_64-linux",
      "system": "x86_64-linux",
      "name": "tinacms-cli-2.5.1",
      "pname": "tinacms-cli",
      "version": "2.5.1",
      "description": "TinaCMS CLI",
      "licenses": [
        "Apache-2.0"
      ],
      "broken": false,
      "unfree": false,
      "priority": 5
    },
    {
      "install_id": "trellis",
      "locked-url": "github:RogerNavelsaker/nixpkg-trellis/b6c1bb617e1c4f5552af9af86bc70405eb4fa01b?narHash=sha256-bo2UVKPmAsnijGtFZhfupauHJjaQv5Wh8qKS4NkBuRk%3D",
      "flake-description": "Nix packaging scaffold for @os-eco/trellis-cli",
      "locked-flake-attr-path": "packages.x86_64-linux.default",
      "derivation": "/nix/store/mhcj0g0vsmp7caiq3sfiv0033agqyqa5-trellis-0.2.1-r2.drv",
      "outputs": {
        "out": "/nix/store/j5hs2raayv0rz7c5smsibyypzsnxpgss-trellis-0.2.1-r2",
        "tl": "/nix/store/30yc46v5chs0qkgkz08fxj3gqil7knkv-trellis-0.2.1-r2-tl"
      },
      "output-names": [
        "out",
        "tl"
      ],
      "outputs-to-install": [
        "out"
      ],
      "requested-outputs-to-install": [],
      "package-system": "x86_64-linux",
      "system": "x86_64-linux",
      "name": "trellis-0.2.1-r2",
      "pname": "trellis",
      "version": "0.2.1-r2",
      "broken": false,
      "unfree": false,
      "priority": 5
    }
  ]
}
